dependencies:
  espressif/es8311:
    component_hash: eacbe7cb7f6993eb0f439121a56663cdfbf95925e7ddf5d2ed5aa640bed476fd
    dependencies:
    - name: idf
      require: private
      version: '>=4.4'
    source:
      registry_url: https://components.espressif.com/
      type: service
    version: 1.0.0
  idf:
    source:
      type: idf
    version: 6.0.0
direct_dependencies:
- espressif/es8311
- idf
manifest_hash: a7d94f3568cdbd1d9dc891c5eb25e3f4385944e35d84195db926dfbe57eee400
target: esp32
version: 2.0.0
